
Microsoft Visual Studio Solution File, Format Version 12.00
# Visual Studio Version 16
VisualStudioVersion = 16.0.31105.61
MinimumVisualStudioVersion = 10.0.40219.1
Project("{FAE04EC0-301F-11D3-BF4B-00C04F79EFBC}") = "TP Nº1 Programacion 3", "TP Nº1 Programacion 3\TP Nº1 Programacion 3.csproj", "{1F573D08-C59B-4B1E-B0A9-953E12993320}"
EndProject
Global
	GlobalSection(SolutionConfigurationPlatforms) = preSolution
		Debug|Any CPU = Debug|Any CPU
		Release|Any CPU = Release|Any CPU
	EndGlobalSection
	GlobalSection(ProjectConfigurationPlatforms) = postSolution
		{1F573D08-C59B-4B1E-B0A9-953E12993320}.Debug|Any CPU.ActiveCfg = Debug|Any CPU
		{1F573D08-C59B-4B1E-B0A9-953E12993320}.Debug|Any CPU.Build.0 = Debug|Any CPU
		{1F573D08-C59B-4B1E-B0A9-953E12993320}.Release|Any CPU.ActiveCfg = Release|Any CPU
		{1F573D08-C59B-4B1E-B0A9-953E12993320}.Release|Any CPU.Build.0 = Release|Any CPU
	EndGlobalSection
	GlobalSection(SolutionProperties) = preSolution
		HideSolutionNode = FALSE
	EndGlobalSection
	GlobalSection(ExtensibilityGlobals) = postSolution
		SolutionGuid = {011E1828-D095-4C6D-87B1-664061F7C75D}
	EndGlobalSection
EndGlobal
